
Microsoft Visual Studio Solution File, Format Version 12.00
# Visual Studio 14
VisualStudioVersion = 14.0.25420.1
MinimumVisualStudioVersion = 10.0.40219.1
Project("{FAE04EC0-301F-11D3-BF4B-00C04F79EFBC}") = "HRSystem", "HRSystem\HRSystem.csproj", "{51711C98-CC22-4B0F-9400-F8BD73AE9CBA}"
EndProject
Project("{FAE04EC0-301F-11D3-BF4B-00C04F79EFBC}") = "HRSystem.DataAccess", "HRSystem.DataAccess\HRSystem.DataAccess.csproj", "{94034E13-6494-46F5-877E-B515AE1BA083}"
EndProject
Global
	GlobalSection(SolutionConfigurationPlatforms) = preSolution
		Debug|Any CPU = Debug|Any CPU
		Release|Any CPU = Release|Any CPU
	EndGlobalSection
	GlobalSection(ProjectConfigurationPlatforms) = postSolution
		{51711C98-CC22-4B0F-9400-F8BD73AE9CBA}.Debug|Any CPU.ActiveCfg = Debug|Any CPU
		{51711C98-CC22-4B0F-9400-F8BD73AE9CBA}.Debug|Any CPU.Build.0 = Debug|Any CPU
		{51711C98-CC22-4B0F-9400-F8BD73AE9CBA}.Release|Any CPU.ActiveCfg = Release|Any CPU
		{51711C98-CC22-4B0F-9400-F8BD73AE9CBA}.Release|Any CPU.Build.0 = Release|Any CPU
		{94034E13-6494-46F5-877E-B515AE1BA083}.Debug|Any CPU.ActiveCfg = Debug|Any CPU
		{94034E13-6494-46F5-877E-B515AE1BA083}.Debug|Any CPU.Build.0 = Debug|Any CPU
		{94034E13-6494-46F5-877E-B515AE1BA083}.Release|Any CPU.ActiveCfg = Release|Any CPU
		{94034E13-6494-46F5-877E-B515AE1BA083}.Release|Any CPU.Build.0 = Release|Any CPU
	EndGlobalSection
	GlobalSection(SolutionProperties) = preSolution
		HideSolutionNode = FALSE
	EndGlobalSection
EndGlobal
